// !$*UTF8*$!
{
	archiveVersion = 1;
	classes = {
	};
	objectVersion = 56;
	objects = {

/* Begin PBXBuildFile section */
		30628AF12A80DC1E00777783 /* WorkoutTrackerApp.swift in Sources */ = {isa = PBXBuildFile; fileRef = 30628AF02A80DC1E00777783 /* WorkoutTrackerApp.swift */; };
		30628AF32A80DC1E00777783 /* ContentView.swift in Sources */ = {isa = PBXBuildFile; fileRef = 30628AF22A80DC1E00777783 /* ContentView.swift */; };
		30628AF52A80DC2100777783 /* Assets.xcassets in Resources */ = {isa = PBXBuildFile; fileRef = 30628AF42A80DC2100777783 /* Assets.xcassets */; };
		30628AF82A80DC2100777783 /* Preview Assets.xcassets in Resources */ = {isa = PBXBuildFile; fileRef = 30628AF72A80DC2100777783 /* Preview Assets.xcassets */; };
		30628B022A80DC2100777783 /* WorkoutTrackerTests.swift in Sources */ = {isa = PBXBuildFile; fileRef = 30628B012A80DC2100777783 /* WorkoutTrackerTests.swift */; };
		30628B0C2A80DC2100777783 /* WorkoutTrackerUITests.swift in Sources */ = {isa = PBXBuildFile; fileRef = 30628B0B2A80DC2100777783 /* WorkoutTrackerUITests.swift */; };
		30628B0E2A80DC2100777783 /* WorkoutTrackerUITestsLaunchTests.swift in Sources */ = {isa = PBXBuildFile; fileRef = 30628B0D2A80DC2100777783 /* WorkoutTrackerUITestsLaunchTests.swift */; };
/* End PBXBuildFile section */

/* Begin PBXContainerItemProxy section */
		30628AFE2A80DC2100777783 /* PBXContainerItemProxy */ = {
			isa = PBXContainerItemProxy;
			containerPortal = 30628AE52A80DC1E00777783 /* Project object */;
			proxyType = 1;
			remoteGlobalIDString = 30628AEC2A80DC1E00777783;
			remoteInfo = WorkoutTracker;
		};
		30628B082A80DC2100777783 /* PBXContainerItemProxy */ = {
			isa = PBXContainerItemProxy;
			containerPortal = 30628AE52A80DC1E00777783 /* Project object */;
			proxyType = 1;
			remoteGlobalIDString = 30628AEC2A80DC1E00777783;
			remoteInfo = WorkoutTracker;
		};
/* End PBXContainerItemProxy section */

/* Begin PBXFileReference section */
		30628AED2A80DC1E00777783 /* WorkoutTracker.app */ = {isa = PBXFileReference; explicitFileType = wrapper.application; includeInIndex = 0; path = WorkoutTracker.app; sourceTree = BUILT_PRODUCTS_DIR; };
		30628AF02A80DC1E00777783 /* WorkoutTrackerApp.swift */ = {isa = PBXFileReference; lastKnownFileType = sourcecode.swift; path = WorkoutTrackerApp.swift; sourceTree = "<group>"; };
		30628AF22A80DC1E00777783 /* ContentView.swift */ = {isa = PBXFileReference; lastKnownFileType = sourcecode.swift; path = ContentView.swift; sourceTree = "<group>"; };
		30628AF42A80DC2100777783 /* Assets.xcassets */ = {isa = PBXFileReference; lastKnownFileType = folder.assetcatalog; path = Assets.xcassets; sourceTree = "<group>"; };
		30628AF72A80DC2100777783 /* Preview Assets.xcassets */ = {isa = PBXFileReference; lastKnownFileType = folder.assetcatalog; path = "Preview Assets.xcassets"; sourceTree = "<group>"; };
		30628AFD2A80DC2100777783 /* WorkoutTrackerTests.xctest */ = {isa = PBXFileReference; explicitFileType = wrapper.cfbundle; includeInIndex = 0; path = WorkoutTrackerTests.xctest; sourceTree = BUILT_PRODUCTS_DIR; };
		30628B012A80DC2100777783 /* WorkoutTrackerTests.swift */ = {isa = PBXFileReference; lastKnownFileType = sourcecode.swift; path = WorkoutTrackerTests.swift; sourceTree = "<group>"; };
		30628B072A80DC2100777783 /* WorkoutTrackerUITests.xctest */ = {isa = PBXFileReference; explicitFileType = wrapper.cfbundle; includeInIndex = 0; path = WorkoutTrackerUITests.xctest; sourceTree = BUILT_PRODUCTS_DIR; };
		30628B0B2A80DC2100777783 /* WorkoutTrackerUITests.swift */ = {isa = PBXFileReference; lastKnownFileType = sourcecode.swift; path = WorkoutTrackerUITests.swift; sourceTree = "<group>"; };
		30628B0D2A80DC2100777783 /* WorkoutTrackerUITestsLaunchTests.swift */ = {isa = PBXFileReference; lastKnownFileType = sourcecode.swift; path = WorkoutTrackerUITestsLaunchTests.swift; sourceTree = "<group>"; };
/* End PBXFileReference section */

/* Begin PBXFrameworksBuildPhase section */
		30628AEA2A80DC1E00777783 /* Frameworks */ = {
			isa = PBXFrameworksBuildPhase;
			buildActionMask = 2147483647;
			files = (
			);
			runOnlyForDeploymentPostprocessing = 0;
		};
		30628AFA2A80DC2100777783 /* Frameworks */ = {
			isa = PBXFrameworksBuildPhase;
			buildActionMask = 2147483647;
			files = (
			);
			runOnlyForDeploymentPostprocessing = 0;
		};
		30628B042A80DC2100777783 /* Frameworks */ = {
			isa = PBXFrameworksBuildPhase;
			buildActionMask = 2147483647;
			files = (
			);
			runOnlyForDeploymentPostprocessing = 0;
		};
/* End PBXFrameworksBuildPhase section */

/* Begin PBXGroup section */
		30628AE42A80DC1E00777783 = {
			isa = PBXGroup;
			children = (
				30628AEF2A80DC1E00777783 /* WorkoutTracker */,
				30628B002A80DC2100777783 /* WorkoutTrackerTests */,
				30628B0A2A80DC2100777783 /* WorkoutTrackerUITests */,
				30628AEE2A80DC1E00777783 /* Products */,
			);
			sourceTree = "<group>";
		};
		30628AEE2A80DC1E00777783 /* Products */ = {
			isa = PBXGroup;
			children = (
				30628AED2A80DC1E00777783 /* WorkoutTracker.app */,
				30628AFD2A80DC2100777783 /* WorkoutTrackerTests.xctest */,
				30628B072A80DC2100777783 /* WorkoutTrackerUITests.xctest */,
			);
			name = Products;
			sourceTree = "<group>";
		};
		30628AEF2A80DC1E00777783 /* WorkoutTracker */ = {
			isa = PBXGroup;
			children = (
				30628AF02A80DC1E00777783 /* WorkoutTrackerApp.swift */,
				30628AF22A80DC1E00777783 /* ContentView.swift */,
				30628AF42A80DC2100777783 /* Assets.xcassets */,
				30628AF62A80DC2100777783 /* Preview Content */,
			);
			path = WorkoutTracker;
			sourceTree = "<group>";
		};
		30628AF62A80DC2100777783 /* Preview Content */ = {
			isa = PBXGroup;
			children = (
				30628AF72A80DC2100777783 /* Preview Assets.xcassets */,
			);
			path = "Preview Content";
			sourceTree = "<group>";
		};
		30628B002A80DC2100777783 /* WorkoutTrackerTests */ = {
			isa = PBXGroup;
			children = (
				30628B012A80DC2100777783 /* WorkoutTrackerTests.swift */,
			);
			path = WorkoutTrackerTests;
			sourceTree = "<group>";
		};
		30628B0A2A80DC2100777783 /* WorkoutTrackerUITests */ = {
			isa = PBXGroup;
			children = (
				30628B0B2A80DC2100777783 /* WorkoutTrackerUITests.swift */,
				30628B0D2A80DC2100777783 /* WorkoutTrackerUITestsLaunchTests.swift */,
			);
			path = WorkoutTrackerUITests;
			sourceTree = "<group>";
		};
/* End PBXGroup section */

/* Begin PBXNativeTarget section */
		30628AEC2A80DC1E00777783 /* WorkoutTracker */ = {
			isa = PBXNativeTarget;
			buildConfigurationList = 30628B112A80DC2100777783 /* Build configuration list for PBXNativeTarget "WorkoutTracker" */;
			buildPhases = (
				30628AE92A80DC1E00777783 /* Sources */,
				30628AEA2A80DC1E00777783 /* Frameworks */,
				30628AEB2A80DC1E00777783 /* Resources */,
			);
			buildRules = (
			);
			dependencies = (
			);
			name = WorkoutTracker;
			productName = WorkoutTracker;
			productReference = 30628AED2A80DC1E00777783 /* WorkoutTracker.app */;
			productType = "com.apple.product-type.application";
		};
		30628AFC2A80DC2100777783 /* WorkoutTrackerTests */ = {
			isa = PBXNativeTarget;
			buildConfigurationList = 30628B142A80DC2100777783 /* Build configuration list for PBXNativeTarget "WorkoutTrackerTests" */;
			buildPhases = (
				30628AF92A80DC2100777783 /* Sources */,
				30628AFA2A80DC2100777783 /* Frameworks */,
				30628AFB2A80DC2100777783 /* Resources */,
			);
			buildRules = (
			);
			dependencies = (
				30628AFF2A80DC2100777783 /* PBXTargetDependency */,
			);
			name = WorkoutTrackerTests;
			productName = WorkoutTrackerTests;
			productReference = 30628AFD2A80DC2100777783 /* WorkoutTrackerTests.xctest */;
			productType = "com.apple.product-type.bundle.unit-test";
		};
		30628B062A80DC2100777783 /* WorkoutTrackerUITests */ = {
			isa = PBXNativeTarget;
			buildConfigurationList = 30628B172A80DC2100777783 /* Build configuration list for PBXNativeTarget "WorkoutTrackerUITests" */;
			buildPhases = (
				30628B032A80DC2100777783 /* Sources */,
				30628B042A80DC2100777783 /* Frameworks */,
				30628B052A80DC2100777783 /* Resources */,
			);
			buildRules = (
			);
			dependencies = (
				30628B092A80DC2100777783 /* PBXTargetDependency */,
			);
			name = WorkoutTrackerUITests;
			productName = WorkoutTrackerUITests;
			productReference = 30628B072A80DC2100777783 /* WorkoutTrackerUITests.xctest */;
			productType = "com.apple.product-type.bundle.ui-testing";
		};
/* End PBXNativeTarget section */

/* Begin PBXProject section */
		30628AE52A80DC1E00777783 /* Project object */ = {
			isa = PBXProject;
			attributes = {
				BuildIndependentTargetsInParallel = 1;
				LastSwiftUpdateCheck = 1430;
				LastUpgradeCheck = 1430;
				TargetAttributes = {
					30628AEC2A80DC1E00777783 = {
						CreatedOnToolsVersion = 14.3.1;
					};
					30628AFC2A80DC2100777783 = {
						CreatedOnToolsVersion = 14.3.1;
						TestTargetID = 30628AEC2A80DC1E00777783;
					};
					30628B062A80DC2100777783 = {
						CreatedOnToolsVersion = 14.3.1;
						TestTargetID = 30628AEC2A80DC1E00777783;
					};
				};
			};
			buildConfigurationList = 30628AE82A80DC1E00777783 /* Build configuration list for PBXProject "WorkoutTracker" */;
			compatibilityVersion = "Xcode 14.0";
			developmentRegion = en;
			hasScannedForEncodings = 0;
			knownRegions = (
				en,
				Base,
			);
			mainGroup = 30628AE42A80DC1E00777783;
			productRefGroup = 30628AEE2A80DC1E00777783 /* Products */;
			projectDirPath = "";
			projectRoot = "";
			targets = (
				30628AEC2A80DC1E00777783 /* WorkoutTracker */,
				30628AFC2A80DC2100777783 /* WorkoutTrackerTests */,
				30628B062A80DC2100777783 /* WorkoutTrackerUITests */,
			);
		};
/* End PBXProject section */

/* Begin PBXResourcesBuildPhase section */
		30628AEB2A80DC1E00777783 /* Resources */ = {
			isa = PBXResourcesBuildPhase;
			buildActionMask = 2147483647;
			files = (
				30628AF82A80DC2100777783 /* Preview Assets.xcassets in Resources */,
				30628AF52A80DC2100777783 /* Assets.xcassets in Resources */,
			);
			runOnlyForDeploymentPostprocessing = 0;
		};
		30628AFB2A80DC2100777783 /* Resources */ = {
			isa = PBXResourcesBuildPhase;
			buildActionMask = 2147483647;
			files = (
			);
			runOnlyForDeploymentPostprocessing = 0;
		};
		30628B052A80DC2100777783 /* Resources */ = {
			isa = PBXResourcesBuildPhase;
			buildActionMask = 2147483647;
			files = (
			);
			runOnlyForDeploymentPostprocessing = 0;
		};
/* End PBXResourcesBuildPhase section */

/* Begin PBXSourcesBuildPhase section */
		30628AE92A80DC1E00777783 /* Sources */ = {
			isa = PBXSourcesBuildPhase;
			buildActionMask = 2147483647;
			files = (
				30628AF32A80DC1E00777783 /* ContentView.swift in Sources */,
				30628AF12A80DC1E00777783 /* WorkoutTrackerApp.swift in Sources */,
			);
			runOnlyForDeploymentPostprocessing = 0;
		};
		30628AF92A80DC2100777783 /* Sources */ = {
			isa = PBXSourcesBuildPhase;
			buildActionMask = 2147483647;
			files = (
				30628B022A80DC2100777783 /* WorkoutTrackerTests.swift in Sources */,
			);
			runOnlyForDeploymentPostprocessing = 0;
		};
		30628B032A80DC2100777783 /* Sources */ = {
			isa = PBXSourcesBuildPhase;
			buildActionMask = 2147483647;
			files = (
				30628B0C2A80DC2100777783 /* WorkoutTrackerUITests.swift in Sources */,
				30628B0E2A80DC2100777783 /* WorkoutTrackerUITestsLaunchTests.swift in Sources */,
			);
			runOnlyForDeploymentPostprocessing = 0;
		};
/* End PBXSourcesBuildPhase section */

/* Begin PBXTargetDependency section */
		30628AFF2A80DC2100777783 /* PBXTargetDependency */ = {
			isa = PBXTargetDependency;
			target = 30628AEC2A80DC1E00777783 /* WorkoutTracker */;
			targetProxy = 30628AFE2A80DC2100777783 /* PBXContainerItemProxy */;
		};
		30628B092A80DC2100777783 /* PBXTargetDependency */ = {
			isa = PBXTargetDependency;
			target = 30628AEC2A80DC1E00777783 /* WorkoutTracker */;
			targetProxy = 30628B082A80DC2100777783 /* PBXContainerItemProxy */;
		};
/* End PBXTargetDependency section */

/* Begin XCBuildConfiguration section */
		30628B0F2A80DC2100777783 /* Debug */ = {
			isa = XCBuildConfiguration;
			buildSettings = {
				ALWAYS_SEARCH_USER_PATHS = NO;
				CLANG_ANALYZER_NONNULL = YES;
				CLANG_ANALYZER_NUMBER_OBJECT_CONVERSION = YES_AGGRESSIVE;
				CLANG_CXX_LANGUAGE_STANDARD = "gnu++20";
				CLANG_ENABLE_MODULES = YES;
				CLANG_ENABLE_OBJC_ARC = YES;
				CLANG_ENABLE_OBJC_WEAK = YES;
				CLANG_WARN_BLOCK_CAPTURE_AUTORELEASING = YES;
				CLANG_WARN_BOOL_CONVERSION = YES;
				CLANG_WARN_COMMA = YES;
				CLANG_WARN_CONSTANT_CONVERSION = YES;
				CLANG_WARN_DEPRECATED_OBJC_IMPLEMENTATIONS = YES;
				CLANG_WARN_DIRECT_OBJC_ISA_USAGE = YES_ERROR;
				CLANG_WARN_DOCUMENTATION_COMMENTS = YES;
				CLANG_WARN_EMPTY_BODY = YES;
				CLANG_WARN_ENUM_CONVERSION = YES;
				CLANG_WARN_INFINITE_RECURSION = YES;
				CLANG_WARN_INT_CONVERSION = YES;
				CLANG_WARN_NON_LITERAL_NULL_CONVERSION = YES;
				CLANG_WARN_OBJC_IMPLICIT_RETAIN_SELF = YES;
				CLANG_WARN_OBJC_LITERAL_CONVERSION = YES;
				CLANG_WARN_OBJC_ROOT_CLASS = YES_ERROR;
				CLANG_WARN_QUOTED_INCLUDE_IN_FRAMEWORK_HEADER = YES;
				CLANG_WARN_RANGE_LOOP_ANALYSIS = YES;
				CLANG_WARN_STRICT_PROTOTYPES = YES;
				CLANG_WARN_SUSPICIOUS_MOVE = YES;
				CLANG_WARN_UNGUARDED_AVAILABILITY = YES_AGGRESSIVE;
				CLANG_WARN_UNREACHABLE_CODE = YES;
				CLANG_WARN__DUPLICATE_METHOD_MATCH = YES;
				COPY_PHASE_STRIP = NO;
				DEBUG_INFORMATION_FORMAT = dwarf;
				ENABLE_STRICT_OBJC_MSGSEND = YES;
				ENABLE_TESTABILITY = YES;
				GCC_C_LANGUAGE_STANDARD = gnu11;
				GCC_DYNAMIC_NO_PIC = NO;
				GCC_NO_COMMON_BLOCKS = YES;
				GCC_OPTIMIZATION_LEVEL = 0;
				GCC_PREPROCESSOR_DEFINITIONS = (
					"DEBUG=1",
					"$(inherited)",
				);
				GCC_WARN_64_TO_32_BIT_CONVERSION = YES;
				GCC_WARN_ABOUT_RETURN_TYPE = YES_ERROR;
				GCC_WARN_UNDECLARED_SELECTOR = YES;
				GCC_WARN_UNINITIALIZED_AUTOS = YES_AGGRESSIVE;
				GCC_WARN_UNUSED_FUNCTION = YES;
				GCC_WARN_UNUSED_VARIABLE = YES;
				IPHONEOS_DEPLOYMENT_TARGET = 16.4;
				MTL_ENABLE_DEBUG_INFO = INCLUDE_SOURCE;
				MTL_FAST_MATH = YES;
				ONLY_ACTIVE_ARCH = YES;
				SDKROOT = iphoneos;
				SWIFT_ACTIVE_COMPILATION_CONDITIONS = DEBUG;
				SWIFT_OPTIMIZATION_LEVEL = "-Onone";
			};
			name = Debug;
		};
		30628B102A80DC2100777783 /* Release */ = {
			isa = XCBuildConfiguration;
			buildSettings = {
				ALWAYS_SEARCH_USER_PATHS = NO;
				CLANG_ANALYZER_NONNULL = YES;
				CLANG_ANALYZER_NUMBER_OBJECT_CONVERSION = YES_AGGRESSIVE;
				CLANG_CXX_LANGUAGE_STANDARD = "gnu++20";
				CLANG_ENABLE_MODULES = YES;
				CLANG_ENABLE_OBJC_ARC = YES;
				CLANG_ENABLE_OBJC_WEAK = YES;
				CLANG_WARN_BLOCK_CAPTURE_AUTORELEASING = YES;
				CLANG_WARN_BOOL_CONVERSION = YES;
				CLANG_WARN_COMMA = YES;
				CLANG_WARN_CONSTANT_CONVERSION = YES;
				CLANG_WARN_DEPRECATED_OBJC_IMPLEMENTATIONS = YES;
				CLANG_WARN_DIRECT_OBJC_ISA_USAGE = YES_ERROR;
				CLANG_WARN_DOCUMENTATION_COMMENTS = YES;
				CLANG_WARN_EMPTY_BODY = YES;
				CLANG_WARN_ENUM_CONVERSION = YES;
				CLANG_WARN_INFINITE_RECURSION = YES;
				CLANG_WARN_INT_CONVERSION = YES;
				CLANG_WARN_NON_LITERAL_NULL_CONVERSION = YES;
				CLANG_WARN_OBJC_IMPLICIT_RETAIN_SELF = YES;
				CLANG_WARN_OBJC_LITERAL_CONVERSION = YES;
				CLANG_WARN_OBJC_ROOT_CLASS = YES_ERROR;
				CLANG_WARN_QUOTED_INCLUDE_IN_FRAMEWORK_HEADER = YES;
				CLANG_WARN_RANGE_LOOP_ANALYSIS = YES;
				CLANG_WARN_STRICT_PROTOTYPES = YES;
				CLANG_WARN_SUSPICIOUS_MOVE = YES;
				CLANG_WARN_UNGUARDED_AVAILABILITY = YES_AGGRESSIVE;
				CLANG_WARN_UNREACHABLE_CODE = YES;
				CLANG_WARN__DUPLICATE_METHOD_MATCH = YES;
				COPY_PHASE_STRIP = NO;
				DEBUG_INFORMATION_FORMAT = "dwarf-with-dsym";
				ENABLE_NS_ASSERTIONS = NO;
				ENABLE_STRICT_OBJC_MSGSEND = YES;
				GCC_C_LANGUAGE_STANDARD = gnu11;
				GCC_NO_COMMON_BLOCKS = YES;
				GCC_WARN_64_TO_32_BIT_CONVERSION = YES;
				GCC_WARN_ABOUT_RETURN_TYPE = YES_ERROR;
				GCC_WARN_UNDECLARED_SELECTOR = YES;
				GCC_WARN_UNINITIALIZED_AUTOS = YES_AGGRESSIVE;
				GCC_WARN_UNUSED_FUNCTION = YES;
				GCC_WARN_UNUSED_VARIABLE = YES;
				IPHONEOS_DEPLOYMENT_TARGET = 16.4;
				MTL_ENABLE_DEBUG_INFO = NO;
				MTL_FAST_MATH = YES;
				SDKROOT = iphoneos;
				SWIFT_COMPILATION_MODE = wholemodule;
				SWIFT_OPTIMIZATION_LEVEL = "-O";
				VALIDATE_PRODUCT = YES;
			};
			name = Release;
		};
		30628B122A80DC2100777783 /* Debug */ = {
			isa = XCBuildConfiguration;
			buildSettings = {
				ASSETCATALOG_COMPILER_APPICON_NAME = AppIcon;
				ASSETCATALOG_COMPILER_GLOBAL_ACCENT_COLOR_NAME = AccentColor;
				CODE_SIGN_STYLE = Automatic;
				CURRENT_PROJECT_VERSION = 1;
				DEVELOPMENT_ASSET_PATHS = "\"WorkoutTracker/Preview Content\"";
				ENABLE_PREVIEWS = YES;
				GENERATE_INFOPLIST_FILE = YES;
				INFOPLIST_KEY_UIApplicationSceneManifest_Generation = YES;
				INFOPLIST_KEY_UIApplicationSupportsIndirectInputEvents = YES;
				INFOPLIST_KEY_UILaunchScreen_Generation = YES;
				INFOPLIST_KEY_UISupportedInterfaceOrientations_iPad = "UIInterfaceOrientationPortrait UIInterfaceOrientationPortraitUpsideDown UIInterfaceOrientationLandscapeLeft UIInterfaceOrientationLandscapeRight";
				INFOPLIST_KEY_UISupportedInterfaceOrientations_iPhone = "UIInterfaceOrientationPortrait UIInterfaceOrientationLandscapeLeft UIInterfaceOrientationLandscapeRight";
				LD_RUNPATH_SEARCH_PATHS = (
					"$(inherited)",
					"@executable_path/Frameworks",
				);
				MARKETING_VERSION = 1.0;
				PRODUCT_BUNDLE_IDENTIFIER = com.swiftcrossing.WorkoutTracker;
				PRODUCT_NAME = "$(TARGET_NAME)";
				SWIFT_EMIT_LOC_STRINGS = YES;
				SWIFT_VERSION = 5.0;
				TARGETED_DEVICE_FAMILY = "1,2";
			};
			name = Debug;
		};
		30628B132A80DC2100777783 /* Release */ = {
			isa = XCBuildConfiguration;
			buildSettings = {
				ASSETCATALOG_COMPILER_APPICON_NAME = AppIcon;
				ASSETCATALOG_COMPILER_GLOBAL_ACCENT_COLOR_NAME = AccentColor;
				CODE_SIGN_STYLE = Automatic;
				CURRENT_PROJECT_VERSION = 1;
				DEVELOPMENT_ASSET_PATHS = "\"WorkoutTracker/Preview Content\"";
				ENABLE_PREVIEWS = YES;
				GENERATE_INFOPLIST_FILE = YES;
				INFOPLIST_KEY_UIApplicationSceneManifest_Generation = YES;
				INFOPLIST_KEY_UIApplicationSupportsIndirectInputEvents = YES;
				INFOPLIST_KEY_UILaunchScreen_Generation = YES;
				INFOPLIST_KEY_UISupportedInterfaceOrientations_iPad = "UIInterfaceOrientationPortrait UIInterfaceOrientationPortraitUpsideDown UIInterfaceOrientationLandscapeLeft UIInterfaceOrientationLandscapeRight";
				INFOPLIST_KEY_UISupportedInterfaceOrientations_iPhone = "UIInterfaceOrientationPortrait UIInterfaceOrientationLandscapeLeft UIInterfaceOrientationLandscapeRight";
				LD_RUNPATH_SEARCH_PATHS = (
					"$(inherited)",
					"@executable_path/Frameworks",
				);
				MARKETING_VERSION = 1.0;
				PRODUCT_BUNDLE_IDENTIFIER = com.swiftcrossing.WorkoutTracker;
				PRODUCT_NAME = "$(TARGET_NAME)";
				SWIFT_EMIT_LOC_STRINGS = YES;
				SWIFT_VERSION = 5.0;
				TARGETED_DEVICE_FAMILY = "1,2";
			};
			name = Release;
		};
		30628B152A80DC2100777783 /* Debug */ = {
			isa = XCBuildConfiguration;
			buildSettings = {
				ALWAYS_EMBED_SWIFT_STANDARD_LIBRARIES = YES;
				BUNDLE_LOADER = "$(TEST_HOST)";
				CODE_SIGN_STYLE = Automatic;
				CURRENT_PROJECT_VERSION = 1;
				GENERATE_INFOPLIST_FILE = YES;
				IPHONEOS_DEPLOYMENT_TARGET = 16.4;
				MARKETING_VERSION = 1.0;
				PRODUCT_BUNDLE_IDENTIFIER = com.swiftcrossing.WorkoutTrackerTests;
				PRODUCT_NAME = "$(TARGET_NAME)";
				SWIFT_EMIT_LOC_STRINGS = NO;
				SWIFT_VERSION = 5.0;
				TARGETED_DEVICE_FAMILY = "1,2";
				TEST_HOST = "$(BUILT_PRODUCTS_DIR)/WorkoutTracker.app/$(BUNDLE_EXECUTABLE_FOLDER_PATH)/WorkoutTracker";
			};
			name = Debug;
		};
		30628B162A80DC2100777783 /* Release */ = {
			isa = XCBuildConfiguration;
			buildSettings = {
				ALWAYS_EMBED_SWIFT_STANDARD_LIBRARIES = YES;
				BUNDLE_LOADER = "$(TEST_HOST)";
				CODE_SIGN_STYLE = Automatic;
				CURRENT_PROJECT_VERSION = 1;
				GENERATE_INFOPLIST_FILE = YES;
				IPHONEOS_DEPLOYMENT_TARGET = 16.4;
				MARKETING_VERSION = 1.0;
				PRODUCT_BUNDLE_IDENTIFIER = com.swiftcrossing.WorkoutTrackerTests;
				PRODUCT_NAME = "$(TARGET_NAME)";
				SWIFT_EMIT_LOC_STRINGS = NO;
				SWIFT_VERSION = 5.0;
				TARGETED_DEVICE_FAMILY = "1,2";
				TEST_HOST = "$(BUILT_PRODUCTS_DIR)/WorkoutTracker.app/$(BUNDLE_EXECUTABLE_FOLDER_PATH)/WorkoutTracker";
			};
			name = Release;
		};
		30628B182A80DC2100777783 /* Debug */ = {
			isa = XCBuildConfiguration;
			buildSettings = {
				ALWAYS_EMBED_SWIFT_STANDARD_LIBRARIES = YES;
				CODE_SIGN_STYLE = Automatic;
				CURRENT_PROJECT_VERSION = 1;
				GENERATE_INFOPLIST_FILE = YES;
				MARKETING_VERSION = 1.0;
				PRODUCT_BUNDLE_IDENTIFIER = com.swiftcrossing.WorkoutTrackerUITests;
				PRODUCT_NAME = "$(TARGET_NAME)";
				SWIFT_EMIT_LOC_STRINGS = NO;
				SWIFT_VERSION = 5.0;
				TARGETED_DEVICE_FAMILY = "1,2";
				TEST_TARGET_NAME = WorkoutTracker;
			};
			name = Debug;
		};
		30628B192A80DC2100777783 /* Release */ = {
			isa = XCBuildConfiguration;
			buildSettings = {
				ALWAYS_EMBED_SWIFT_STANDARD_LIBRARIES = YES;
				CODE_SIGN_STYLE = Automatic;
				CURRENT_PROJECT_VERSION = 1;
				GENERATE_INFOPLIST_FILE = YES;
				MARKETING_VERSION = 1.0;
				PRODUCT_BUNDLE_IDENTIFIER = com.swiftcrossing.WorkoutTrackerUITests;
				PRODUCT_NAME = "$(TARGET_NAME)";
				SWIFT_EMIT_LOC_STRINGS = NO;
				SWIFT_VERSION = 5.0;
				TARGETED_DEVICE_FAMILY = "1,2";
				TEST_TARGET_NAME = WorkoutTracker;
			};
			name = Release;
		};
/* End XCBuildConfiguration section */

/* Begin XCConfigurationList section */
		30628AE82A80DC1E00777783 /* Build configuration list for PBXProject "WorkoutTracker" */ = {
			isa = XCConfigurationList;
			buildConfigurations = (
				30628B0F2A80DC2100777783 /* Debug */,
				30628B102A80DC2100777783 /* Release */,
			);
			defaultConfigurationIsVisible = 0;
			defaultConfigurationName = Release;
		};
		30628B112A80DC2100777783 /* Build configuration list for PBXNativeTarget "WorkoutTracker" */ = {
			isa = XCConfigurationList;
			buildConfigurations = (
				30628B122A80DC2100777783 /* Debug */,
				30628B132A80DC2100777783 /* Release */,
			);
			defaultConfigurationIsVisible = 0;
			defaultConfigurationName = Release;
		};
		30628B142A80DC2100777783 /* Build configuration list for PBXNativeTarget "WorkoutTrackerTests" */ = {
			isa = XCConfigurationList;
			buildConfigurations = (
				30628B152A80DC2100777783 /* Debug */,
				30628B162A80DC2100777783 /* Release */,
			);
			defaultConfigurationIsVisible = 0;
			defaultConfigurationName = Release;
		};
		30628B172A80DC2100777783 /* Build configuration list for PBXNativeTarget "WorkoutTrackerUITests" */ = {
			isa = XCConfigurationList;
			buildConfigurations = (
				30628B182A80DC2100777783 /* Debug */,
				30628B192A80DC2100777783 /* Release */,
			);
			defaultConfigurationIsVisible = 0;
			defaultConfigurationName = Release;
		};
/* End XCConfigurationList section */
	};
	rootObject = 30628AE52A80DC1E00777783 /* Project object */;
}
